{
  "name": "npmteaa",
  "version": "1.0.0",
  "lockfileVersion": 3,
  "requires": true,
  "packages": {
    "": {
      "name": "npmteaa",
      "version": "1.0.0",
      "license": "ISC",
      "dependencies": {
        "alfacode": "^1.1.2"
      }
    },
    "node_modules/alfacode": {
      "version": "1.1.2",
      "resolved": "https://registry.npmjs.org/alfacode/-/alfacode-1.1.2.tgz",
      "integrity": "sha512-K0O5bfumKT1L+3KBFYFrgcDdU/HvafCmKIQRPgYNK1hdZNy6fK1CJeRqXuzsNFtBM4S2jIFBR4XUmYofhdq4dQ==",
      "dependencies": {
        "tehtea": "^1.0.5"
      }
    },
    "node_modules/mayteaa": {
      "version": "1.0.0",
      "resolved": "https://registry.npmjs.org/mayteaa/-/mayteaa-1.0.0.tgz",
      "integrity": "sha512-+v2WkhdLRbCIR+BkmDKHcTj59OmqGhG1CeJW4N2JruWZOM/PYAnDXSaDNRaT0DfWDa7Li+RWTjz8l3bCgot8Fw=="
    },
    "node_modules/tehtea": {
      "version": "1.0.5",
      "resolved": "https://registry.npmjs.org/tehtea/-/tehtea-1.0.5.tgz",
      "integrity": "sha512-EsByWQhZsIjMdn4928KyIJf2quj27dogvePMskXwdakcfS7K1kaDSEDdQL/NP5WCTpLysngpQzBOwgeOuxFd+Q==",
      "dependencies": {
        "mayteaa": "^1.0.0"
      }
    }
  }
}
